// !$*UTF8*$!
{
	archiveVersion = 1;
	classes = {
	};
	objectVersion = 46;
	objects = {

/* Begin PBXBuildFile section */
		157099E91CE126C100F7F6AB /* template_product_flavors.txt in Resources */ = {isa = PBXBuildFile; fileRef = 157099E81CE126C100F7F6AB /* template_product_flavors.txt */; };
		157099EB1CE1331900F7F6AB /* template_compatible_screens_xhdpi.txt in Resources */ = {isa = PBXBuildFile; fileRef = 157099EA1CE1331900F7F6AB /* template_compatible_screens_xhdpi.txt */; };
		157099ED1CE1336D00F7F6AB /* template_compatible_screens_hdpi.txt in Resources */ = {isa = PBXBuildFile; fileRef = 157099EC1CE1336D00F7F6AB /* template_compatible_screens_hdpi.txt */; };
		158749A51CDF83EE000BD087 /* AppDelegate.swift in Sources */ = {isa = PBXBuildFile; fileRef = 158749A41CDF83EE000BD087 /* AppDelegate.swift */; };
		158749A71CDF83EE000BD087 /* ViewController.swift in Sources */ = {isa = PBXBuildFile; fileRef = 158749A61CDF83EE000BD087 /* ViewController.swift */; };
		158749A91CDF83EE000BD087 /* Assets.xcassets in Resources */ = {isa = PBXBuildFile; fileRef = 158749A81CDF83EE000BD087 /* Assets.xcassets */; };
		158749AC1CDF83EE000BD087 /* Main.storyboard in Resources */ = {isa = PBXBuildFile; fileRef = 158749AA1CDF83EE000BD087 /* Main.storyboard */; };
		158826061CE1E30A002B9A57 /* SwiftShell.framework in Embed Frameworks */ = {isa = PBXBuildFile; fileRef = 49E327411CE06A98009AC643 /* SwiftShell.framework */; settings = {ATTRIBUTES = (CodeSignOnCopy, RemoveHeadersOnCopy, ); }; };
		49E327421CE06A98009AC643 /* SwiftShell.framework in Frameworks */ = {isa = PBXBuildFile; fileRef = 49E327411CE06A98009AC643 /* SwiftShell.framework */; };
/* End PBXBuildFile section */

/* Begin PBXCopyFilesBuildPhase section */
		15E2D99F1CE058DE005003F0 /* Embed Frameworks */ = {
			isa = PBXCopyFilesBuildPhase;
			buildActionMask = 2147483647;
			dstPath = "";
			dstSubfolderSpec = 10;
			files = (
				158826061CE1E30A002B9A57 /* SwiftShell.framework in Embed Frameworks */,
			);
			name = "Embed Frameworks";
			runOnlyForDeploymentPostprocessing = 0;
		};
/* End PBXCopyFilesBuildPhase section */

/* Begin PBXFileReference section */
		157099E81CE126C100F7F6AB /* template_product_flavors.txt */ = {isa = PBXFileReference; fileEncoding = 4; lastKnownFileType = text; path = template_product_flavors.txt; sourceTree = "<group>"; };
		157099EA1CE1331900F7F6AB /* template_compatible_screens_xhdpi.txt */ = {isa = PBXFileReference; fileEncoding = 4; lastKnownFileType = text; path = template_compatible_screens_xhdpi.txt; sourceTree = "<group>"; };
		157099EC1CE1336D00F7F6AB /* template_compatible_screens_hdpi.txt */ = {isa = PBXFileReference; fileEncoding = 4; lastKnownFileType = text; path = template_compatible_screens_hdpi.txt; sourceTree = "<group>"; };
		158749A11CDF83EE000BD087 /* ApkBuilder.app */ = {isa = PBXFileReference; explicitFileType = wrapper.application; includeInIndex = 0; path = ApkBuilder.app; sourceTree = BUILT_PRODUCTS_DIR; };
		158749A41CDF83EE000BD087 /* AppDelegate.swift */ = {isa = PBXFileReference; lastKnownFileType = sourcecode.swift; path = AppDelegate.swift; sourceTree = "<group>"; };
		158749A61CDF83EE000BD087 /* ViewController.swift */ = {isa = PBXFileReference; lastKnownFileType = sourcecode.swift; path = ViewController.swift; sourceTree = "<group>"; };
		158749A81CDF83EE000BD087 /* Assets.xcassets */ = {isa = PBXFileReference; lastKnownFileType = folder.assetcatalog; path = Assets.xcassets; sourceTree = "<group>"; };
		158749AB1CDF83EE000BD087 /* Base */ = {isa = PBXFileReference; lastKnownFileType = file.storyboard; name = Base; path = Base.lproj/Main.storyboard; sourceTree = "<group>"; };
		158749AD1CDF83EE000BD087 /* Info.plist */ = {isa = PBXFileReference; lastKnownFileType = text.plist.xml; path = Info.plist; sourceTree = "<group>"; };
		49E327411CE06A98009AC643 /* SwiftShell.framework */ = {isa = PBXFileReference; lastKnownFileType = wrapper.framework; path = SwiftShell.framework; sourceTree = "<group>"; };
/* End PBXFileReference section */

/* Begin PBXFrameworksBuildPhase section */
		1587499E1CDF83EE000BD087 /* Frameworks */ = {
			isa = PBXFrameworksBuildPhase;
			buildActionMask = 2147483647;
			files = (
				49E327421CE06A98009AC643 /* SwiftShell.framework in Frameworks */,
			);
			runOnlyForDeploymentPostprocessing = 0;
		};
/* End PBXFrameworksBuildPhase section */

/* Begin PBXGroup section */
		158749981CDF83ED000BD087 = {
			isa = PBXGroup;
			children = (
				158749A31CDF83EE000BD087 /* ApkBuilder */,
				158749A21CDF83EE000BD087 /* Products */,
			);
			sourceTree = "<group>";
		};
		158749A21CDF83EE000BD087 /* Products */ = {
			isa = PBXGroup;
			children = (
				158749A11CDF83EE000BD087 /* ApkBuilder.app */,
			);
			name = Products;
			sourceTree = "<group>";
		};
		158749A31CDF83EE000BD087 /* ApkBuilder */ = {
			isa = PBXGroup;
			children = (
				49E327411CE06A98009AC643 /* SwiftShell.framework */,
				158749A41CDF83EE000BD087 /* AppDelegate.swift */,
				158749A61CDF83EE000BD087 /* ViewController.swift */,
				158749A81CDF83EE000BD087 /* Assets.xcassets */,
				157099EC1CE1336D00F7F6AB /* template_compatible_screens_hdpi.txt */,
				157099EA1CE1331900F7F6AB /* template_compatible_screens_xhdpi.txt */,
				157099E81CE126C100F7F6AB /* template_product_flavors.txt */,
				158749AA1CDF83EE000BD087 /* Main.storyboard */,
				158749AD1CDF83EE000BD087 /* Info.plist */,
			);
			path = ApkBuilder;
			sourceTree = "<group>";
		};
/* End PBXGroup section */

/* Begin PBXNativeTarget section */
		158749A01CDF83EE000BD087 /* ApkBuilder */ = {
			isa = PBXNativeTarget;
			buildConfigurationList = 158749B01CDF83EE000BD087 /* Build configuration list for PBXNativeTarget "ApkBuilder" */;
			buildPhases = (
				1587499D1CDF83EE000BD087 /* Sources */,
				1587499E1CDF83EE000BD087 /* Frameworks */,
				1587499F1CDF83EE000BD087 /* Resources */,
				15E2D99F1CE058DE005003F0 /* Embed Frameworks */,
			);
			buildRules = (
			);
			dependencies = (
			);
			name = ApkBuilder;
			productName = ApkBuilder;
			productReference = 158749A11CDF83EE000BD087 /* ApkBuilder.app */;
			productType = "com.apple.product-type.application";
		};
/* End PBXNativeTarget section */

/* Begin PBXProject section */
		158749991CDF83ED000BD087 /* Project object */ = {
			isa = PBXProject;
			attributes = {
				LastSwiftUpdateCheck = 0730;
				LastUpgradeCheck = 0730;
				ORGANIZATIONNAME = "Amit Shekhar";
				TargetAttributes = {
					158749A01CDF83EE000BD087 = {
						CreatedOnToolsVersion = 7.3.1;
					};
				};
			};
			buildConfigurationList = 1587499C1CDF83ED000BD087 /* Build configuration list for PBXProject "ApkBuilder" */;
			compatibilityVersion = "Xcode 3.2";
			developmentRegion = English;
			hasScannedForEncodings = 0;
			knownRegions = (
				en,
				Base,
			);
			mainGroup = 158749981CDF83ED000BD087;
			productRefGroup = 158749A21CDF83EE000BD087 /* Products */;
			projectDirPath = "";
			projectRoot = "";
			targets = (
				158749A01CDF83EE000BD087 /* ApkBuilder */,
			);
		};
/* End PBXProject section */

/* Begin PBXResourcesBuildPhase section */
		1587499F1CDF83EE000BD087 /* Resources */ = {
			isa = PBXResourcesBuildPhase;
			buildActionMask = 2147483647;
			files = (
				157099EB1CE1331900F7F6AB /* template_compatible_screens_xhdpi.txt in Resources */,
				157099ED1CE1336D00F7F6AB /* template_compatible_screens_hdpi.txt in Resources */,
				158749A91CDF83EE000BD087 /* Assets.xcassets in Resources */,
				157099E91CE126C100F7F6AB /* template_product_flavors.txt in Resources */,
				158749AC1CDF83EE000BD087 /* Main.storyboard in Resources */,
			);
			runOnlyForDeploymentPostprocessing = 0;
		};
/* End PBXResourcesBuildPhase section */

/* Begin PBXSourcesBuildPhase section */
		1587499D1CDF83EE000BD087 /* Sources */ = {
			isa = PBXSourcesBuildPhase;
			buildActionMask = 2147483647;
			files = (
				158749A71CDF83EE000BD087 /* ViewController.swift in Sources */,
				158749A51CDF83EE000BD087 /* AppDelegate.swift in Sources */,
			);
			runOnlyForDeploymentPostprocessing = 0;
		};
/* End PBXSourcesBuildPhase section */

/* Begin PBXVariantGroup section */
		158749AA1CDF83EE000BD087 /* Main.storyboard */ = {
			isa = PBXVariantGroup;
			children = (
				158749AB1CDF83EE000BD087 /* Base */,
			);
			name = Main.storyboard;
			sourceTree = "<group>";
		};
/* End PBXVariantGroup section */

/* Begin XCBuildConfiguration section */
		158749AE1CDF83EE000BD087 /* Debug */ = {
			isa = XCBuildConfiguration;
			buildSettings = {
				ALWAYS_SEARCH_USER_PATHS = NO;
				CLANG_ANALYZER_NONNULL = YES;
				CLANG_CXX_LANGUAGE_STANDARD = "gnu++0x";
				CLANG_CXX_LIBRARY = "libc++";
				CLANG_ENABLE_MODULES = YES;
				CLANG_ENABLE_OBJC_ARC = YES;
				CLANG_WARN_BOOL_CONVERSION = YES;
				CLANG_WARN_CONSTANT_CONVERSION = YES;
				CLANG_WARN_DIRECT_OBJC_ISA_USAGE = YES_ERROR;
				CLANG_WARN_EMPTY_BODY = YES;
				CLANG_WARN_ENUM_CONVERSION = YES;
				CLANG_WARN_INT_CONVERSION = YES;
				CLANG_WARN_OBJC_ROOT_CLASS = YES_ERROR;
				CLANG_WARN_UNREACHABLE_CODE = YES;
				CLANG_WARN__DUPLICATE_METHOD_MATCH = YES;
				CODE_SIGN_IDENTITY = "-";
				COPY_PHASE_STRIP = NO;
				DEBUG_INFORMATION_FORMAT = dwarf;
				ENABLE_STRICT_OBJC_MSGSEND = YES;
				ENABLE_TESTABILITY = YES;
				GCC_C_LANGUAGE_STANDARD = gnu99;
				GCC_DYNAMIC_NO_PIC = NO;
				GCC_NO_COMMON_BLOCKS = YES;
				GCC_OPTIMIZATION_LEVEL = 0;
				GCC_PREPROCESSOR_DEFINITIONS = (
					"DEBUG=1",
					"$(inherited)",
				);
				GCC_WARN_64_TO_32_BIT_CONVERSION = YES;
				GCC_WARN_ABOUT_RETURN_TYPE = YES_ERROR;
				GCC_WARN_UNDECLARED_SELECTOR = YES;
				GCC_WARN_UNINITIALIZED_AUTOS = YES_AGGRESSIVE;
				GCC_WARN_UNUSED_FUNCTION = YES;
				GCC_WARN_UNUSED_VARIABLE = YES;
				MACOSX_DEPLOYMENT_TARGET = 10.11;
				MTL_ENABLE_DEBUG_INFO = YES;
				ONLY_ACTIVE_ARCH = YES;
				SDKROOT = macosx;
				SWIFT_OPTIMIZATION_LEVEL = "-Onone";
			};
			name = Debug;
		};
		158749AF1CDF83EE000BD087 /* Release */ = {
			isa = XCBuildConfiguration;
			buildSettings = {
				ALWAYS_SEARCH_USER_PATHS = NO;
				CLANG_ANALYZER_NONNULL = YES;
				CLANG_CXX_LANGUAGE_STANDARD = "gnu++0x";
				CLANG_CXX_LIBRARY = "libc++";
				CLANG_ENABLE_MODULES = YES;
				CLANG_ENABLE_OBJC_ARC = YES;
				CLANG_WARN_BOOL_CONVERSION = YES;
				CLANG_WARN_CONSTANT_CONVERSION = YES;
				CLANG_WARN_DIRECT_OBJC_ISA_USAGE = YES_ERROR;
				CLANG_WARN_EMPTY_BODY = YES;
				CLANG_WARN_ENUM_CONVERSION = YES;
				CLANG_WARN_INT_CONVERSION = YES;
				CLANG_WARN_OBJC_ROOT_CLASS = YES_ERROR;
				CLANG_WARN_UNREACHABLE_CODE = YES;
				CLANG_WARN__DUPLICATE_METHOD_MATCH = YES;
				CODE_SIGN_IDENTITY = "-";
				COPY_PHASE_STRIP = NO;
				DEBUG_INFORMATION_FORMAT = "dwarf-with-dsym";
				ENABLE_NS_ASSERTIONS = NO;
				ENABLE_STRICT_OBJC_MSGSEND = YES;
				GCC_C_LANGUAGE_STANDARD = gnu99;
				GCC_NO_COMMON_BLOCKS = YES;
				GCC_WARN_64_TO_32_BIT_CONVERSION = YES;
				GCC_WARN_ABOUT_RETURN_TYPE = YES_ERROR;
				GCC_WARN_UNDECLARED_SELECTOR = YES;
				GCC_WARN_UNINITIALIZED_AUTOS = YES_AGGRESSIVE;
				GCC_WARN_UNUSED_FUNCTION = YES;
				GCC_WARN_UNUSED_VARIABLE = YES;
				MACOSX_DEPLOYMENT_TARGET = 10.11;
				MTL_ENABLE_DEBUG_INFO = NO;
				SDKROOT = macosx;
			};
			name = Release;
		};
		158749B11CDF83EE000BD087 /* Debug */ = {
			isa = XCBuildConfiguration;
			buildSettings = {
				ASSETCATALOG_COMPILER_APPICON_NAME = AppIcon;
				COMBINE_HIDPI_IMAGES = YES;
				EMBEDDED_CONTENT_CONTAINS_SWIFT = YES;
				FRAMEWORK_SEARCH_PATHS = (
					"$(inherited)",
					"$(PROJECT_DIR)/ApkBuilder",
				);
				INFOPLIST_FILE = ApkBuilder/Info.plist;
				LD_RUNPATH_SEARCH_PATHS = "$(inherited) @executable_path/../Frameworks";
				MACOSX_DEPLOYMENT_TARGET = 10.11;
				PRODUCT_BUNDLE_IDENTIFIER = com.amitshekhar.ApkBuilder;
				PRODUCT_NAME = "$(TARGET_NAME)";
			};
			name = Debug;
		};
		158749B21CDF83EE000BD087 /* Release */ = {
			isa = XCBuildConfiguration;
			buildSettings = {
				ASSETCATALOG_COMPILER_APPICON_NAME = AppIcon;
				COMBINE_HIDPI_IMAGES = YES;
				EMBEDDED_CONTENT_CONTAINS_SWIFT = YES;
				FRAMEWORK_SEARCH_PATHS = (
					"$(inherited)",
					"$(PROJECT_DIR)/ApkBuilder",
				);
				INFOPLIST_FILE = ApkBuilder/Info.plist;
				LD_RUNPATH_SEARCH_PATHS = "$(inherited) @executable_path/../Frameworks";
				MACOSX_DEPLOYMENT_TARGET = 10.11;
				PRODUCT_BUNDLE_IDENTIFIER = com.amitshekhar.ApkBuilder;
				PRODUCT_NAME = "$(TARGET_NAME)";
			};
			name = Release;
		};
/* End XCBuildConfiguration section */

/* Begin XCConfigurationList section */
		1587499C1CDF83ED000BD087 /* Build configuration list for PBXProject "ApkBuilder" */ = {
			isa = XCConfigurationList;
			buildConfigurations = (
				158749AE1CDF83EE000BD087 /* Debug */,
				158749AF1CDF83EE000BD087 /* Release */,
			);
			defaultConfigurationIsVisible = 0;
			defaultConfigurationName = Release;
		};
		158749B01CDF83EE000BD087 /* Build configuration list for PBXNativeTarget "ApkBuilder" */ = {
			isa = XCConfigurationList;
			buildConfigurations = (
				158749B11CDF83EE000BD087 /* Debug */,
				158749B21CDF83EE000BD087 /* Release */,
			);
			defaultConfigurationIsVisible = 0;
			defaultConfigurationName = Release;
		};
/* End XCConfigurationList section */
	};
	rootObject = 158749991CDF83ED000BD087 /* Project object */;
}
